// !$*UTF8*$!
{
	archiveVersion = 1;
	classes = {
	};
	objectVersion = 46;
	objects = {

/* Begin PBXBuildFile section */
		215961671B4BAF9B00A1AF0F /* AppDelegate.swift in Sources */ = {isa = PBXBuildFile; fileRef = 215961661B4BAF9B00A1AF0F /* AppDelegate.swift */; };
		215961691B4BAF9B00A1AF0F /* ViewController.swift in Sources */ = {isa = PBXBuildFile; fileRef = 215961681B4BAF9B00A1AF0F /* ViewController.swift */; };
		2159616C1B4BAF9B00A1AF0F /* Main.storyboard in Resources */ = {isa = PBXBuildFile; fileRef = 2159616A1B4BAF9B00A1AF0F /* Main.storyboard */; };
		2159616E1B4BAF9B00A1AF0F /* Assets.xcassets in Resources */ = {isa = PBXBuildFile; fileRef = 2159616D1B4BAF9B00A1AF0F /* Assets.xcassets */; };
		215961711B4BAF9B00A1AF0F /* LaunchScreen.storyboard in Resources */ = {isa = PBXBuildFile; fileRef = 2159616F1B4BAF9B00A1AF0F /* LaunchScreen.storyboard */; };
		215961761B4BAF9B00A1AF0F /* WKHapticSample WatchKit App.app in Embed Watch Content */ = {isa = PBXBuildFile; fileRef = 215961751B4BAF9B00A1AF0F /* WKHapticSample WatchKit App.app */; };
		2159617C1B4BAF9B00A1AF0F /* Interface.storyboard in Resources */ = {isa = PBXBuildFile; fileRef = 2159617A1B4BAF9B00A1AF0F /* Interface.storyboard */; };
		2159617E1B4BAF9B00A1AF0F /* Assets.xcassets in Resources */ = {isa = PBXBuildFile; fileRef = 2159617D1B4BAF9B00A1AF0F /* Assets.xcassets */; };
		215961851B4BAF9B00A1AF0F /* WKHapticSample WatchKit Extension.appex in Embed App Extensions */ = {isa = PBXBuildFile; fileRef = 215961841B4BAF9B00A1AF0F /* WKHapticSample WatchKit Extension.appex */; settings = {ATTRIBUTES = (RemoveHeadersOnCopy, ); }; };
		2159618A1B4BAF9B00A1AF0F /* InterfaceController.swift in Sources */ = {isa = PBXBuildFile; fileRef = 215961891B4BAF9B00A1AF0F /* InterfaceController.swift */; };
		2159618C1B4BAF9B00A1AF0F /* ExtensionDelegate.swift in Sources */ = {isa = PBXBuildFile; fileRef = 2159618B1B4BAF9B00A1AF0F /* ExtensionDelegate.swift */; };
		2159618E1B4BAF9B00A1AF0F /* Assets.xcassets in Resources */ = {isa = PBXBuildFile; fileRef = 2159618D1B4BAF9B00A1AF0F /* Assets.xcassets */; };
		2159619E1B4BB45C00A1AF0F /* RowController.swift in Sources */ = {isa = PBXBuildFile; fileRef = 2159619D1B4BB45C00A1AF0F /* RowController.swift */; };
/* End PBXBuildFile section */

/* Begin PBXContainerItemProxy section */
		215961771B4BAF9B00A1AF0F /* PBXContainerItemProxy */ = {
			isa = PBXContainerItemProxy;
			containerPortal = 2159615B1B4BAF9B00A1AF0F /* Project object */;
			proxyType = 1;
			remoteGlobalIDString = 215961741B4BAF9B00A1AF0F;
			remoteInfo = "WKHapticSample WatchKit App";
		};
		215961861B4BAF9B00A1AF0F /* PBXContainerItemProxy */ = {
			isa = PBXContainerItemProxy;
			containerPortal = 2159615B1B4BAF9B00A1AF0F /* Project object */;
			proxyType = 1;
			remoteGlobalIDString = 215961831B4BAF9B00A1AF0F;
			remoteInfo = "WKHapticSample WatchKit Extension";
		};
/* End PBXContainerItemProxy section */

/* Begin PBXCopyFilesBuildPhase section */
		215961951B4BAF9B00A1AF0F /* Embed App Extensions */ = {
			isa = PBXCopyFilesBuildPhase;
			buildActionMask = 2147483647;
			dstPath = "";
			dstSubfolderSpec = 13;
			files = (
				215961851B4BAF9B00A1AF0F /* WKHapticSample WatchKit Extension.appex in Embed App Extensions */,
			);
			name = "Embed App Extensions";
			runOnlyForDeploymentPostprocessing = 0;
		};
		215961991B4BAF9B00A1AF0F /* Embed Watch Content */ = {
			isa = PBXCopyFilesBuildPhase;
			buildActionMask = 2147483647;
			dstPath = "$(CONTENTS_FOLDER_PATH)/Watch";
			dstSubfolderSpec = 16;
			files = (
				215961761B4BAF9B00A1AF0F /* WKHapticSample WatchKit App.app in Embed Watch Content */,
			);
			name = "Embed Watch Content";
			runOnlyForDeploymentPostprocessing = 0;
		};
/* End PBXCopyFilesBuildPhase section */

/* Begin PBXFileReference section */
		215961631B4BAF9B00A1AF0F /* WKHapticSample.app */ = {isa = PBXFileReference; explicitFileType = wrapper.application; includeInIndex = 0; path = WKHapticSample.app; sourceTree = BUILT_PRODUCTS_DIR; };
		215961661B4BAF9B00A1AF0F /* AppDelegate.swift */ = {isa = PBXFileReference; lastKnownFileType = sourcecode.swift; path = AppDelegate.swift; sourceTree = "<group>"; };
		215961681B4BAF9B00A1AF0F /* ViewController.swift */ = {isa = PBXFileReference; lastKnownFileType = sourcecode.swift; path = ViewController.swift; sourceTree = "<group>"; };
		2159616B1B4BAF9B00A1AF0F /* Base */ = {isa = PBXFileReference; lastKnownFileType = file.storyboard; name = Base; path = Base.lproj/Main.storyboard; sourceTree = "<group>"; };
		2159616D1B4BAF9B00A1AF0F /* Assets.xcassets */ = {isa = PBXFileReference; lastKnownFileType = folder.assetcatalog; path = Assets.xcassets; sourceTree = "<group>"; };
		215961701B4BAF9B00A1AF0F /* Base */ = {isa = PBXFileReference; lastKnownFileType = file.storyboard; name = Base; path = Base.lproj/LaunchScreen.storyboard; sourceTree = "<group>"; };
		215961721B4BAF9B00A1AF0F /* Info.plist */ = {isa = PBXFileReference; lastKnownFileType = text.plist.xml; path = Info.plist; sourceTree = "<group>"; };
		215961751B4BAF9B00A1AF0F /* WKHapticSample WatchKit App.app */ = {isa = PBXFileReference; explicitFileType = wrapper.application; includeInIndex = 0; path = "WKHapticSample WatchKit App.app"; sourceTree = BUILT_PRODUCTS_DIR; };
		2159617B1B4BAF9B00A1AF0F /* Base */ = {isa = PBXFileReference; lastKnownFileType = file.storyboard; name = Base; path = Base.lproj/Interface.storyboard; sourceTree = "<group>"; };
		2159617D1B4BAF9B00A1AF0F /* Assets.xcassets */ = {isa = PBXFileReference; lastKnownFileType = folder.assetcatalog; path = Assets.xcassets; sourceTree = "<group>"; };
		2159617F1B4BAF9B00A1AF0F /* Info.plist */ = {isa = PBXFileReference; lastKnownFileType = text.plist.xml; path = Info.plist; sourceTree = "<group>"; };
		215961841B4BAF9B00A1AF0F /* WKHapticSample WatchKit Extension.appex */ = {isa = PBXFileReference; explicitFileType = "wrapper.app-extension"; includeInIndex = 0; path = "WKHapticSample WatchKit Extension.appex"; sourceTree = BUILT_PRODUCTS_DIR; };
		215961891B4BAF9B00A1AF0F /* InterfaceController.swift */ = {isa = PBXFileReference; lastKnownFileType = sourcecode.swift; path = InterfaceController.swift; sourceTree = "<group>"; };
		2159618B1B4BAF9B00A1AF0F /* ExtensionDelegate.swift */ = {isa = PBXFileReference; lastKnownFileType = sourcecode.swift; path = ExtensionDelegate.swift; sourceTree = "<group>"; };
		2159618D1B4BAF9B00A1AF0F /* Assets.xcassets */ = {isa = PBXFileReference; lastKnownFileType = folder.assetcatalog; path = Assets.xcassets; sourceTree = "<group>"; };
		2159618F1B4BAF9B00A1AF0F /* Info.plist */ = {isa = PBXFileReference; lastKnownFileType = text.plist.xml; path = Info.plist; sourceTree = "<group>"; };
		2159619D1B4BB45C00A1AF0F /* RowController.swift */ = {isa = PBXFileReference; fileEncoding = 4; lastKnownFileType = sourcecode.swift; path = RowController.swift; sourceTree = "<group>"; };
/* End PBXFileReference section */

/* Begin PBXFrameworksBuildPhase section */
		215961601B4BAF9B00A1AF0F /* Frameworks */ = {
			isa = PBXFrameworksBuildPhase;
			buildActionMask = 2147483647;
			files = (
			);
			runOnlyForDeploymentPostprocessing = 0;
		};
		215961811B4BAF9B00A1AF0F /* Frameworks */ = {
			isa = PBXFrameworksBuildPhase;
			buildActionMask = 2147483647;
			files = (
			);
			runOnlyForDeploymentPostprocessing = 0;
		};
/* End PBXFrameworksBuildPhase section */

/* Begin PBXGroup section */
		2159615A1B4BAF9B00A1AF0F = {
			isa = PBXGroup;
			children = (
				215961651B4BAF9B00A1AF0F /* WKHapticSample */,
				215961791B4BAF9B00A1AF0F /* WKHapticSample WatchKit App */,
				215961881B4BAF9B00A1AF0F /* WKHapticSample WatchKit Extension */,
				215961641B4BAF9B00A1AF0F /* Products */,
			);
			sourceTree = "<group>";
		};
		215961641B4BAF9B00A1AF0F /* Products */ = {
			isa = PBXGroup;
			children = (
				215961631B4BAF9B00A1AF0F /* WKHapticSample.app */,
				215961751B4BAF9B00A1AF0F /* WKHapticSample WatchKit App.app */,
				215961841B4BAF9B00A1AF0F /* WKHapticSample WatchKit Extension.appex */,
			);
			name = Products;
			sourceTree = "<group>";
		};
		215961651B4BAF9B00A1AF0F /* WKHapticSample */ = {
			isa = PBXGroup;
			children = (
				215961661B4BAF9B00A1AF0F /* AppDelegate.swift */,
				215961681B4BAF9B00A1AF0F /* ViewController.swift */,
				2159616A1B4BAF9B00A1AF0F /* Main.storyboard */,
				2159616D1B4BAF9B00A1AF0F /* Assets.xcassets */,
				2159616F1B4BAF9B00A1AF0F /* LaunchScreen.storyboard */,
				215961721B4BAF9B00A1AF0F /* Info.plist */,
			);
			path = WKHapticSample;
			sourceTree = "<group>";
		};
		215961791B4BAF9B00A1AF0F /* WKHapticSample WatchKit App */ = {
			isa = PBXGroup;
			children = (
				2159617A1B4BAF9B00A1AF0F /* Interface.storyboard */,
				2159617D1B4BAF9B00A1AF0F /* Assets.xcassets */,
				2159617F1B4BAF9B00A1AF0F /* Info.plist */,
			);
			path = "WKHapticSample WatchKit App";
			sourceTree = "<group>";
		};
		215961881B4BAF9B00A1AF0F /* WKHapticSample WatchKit Extension */ = {
			isa = PBXGroup;
			children = (
				215961891B4BAF9B00A1AF0F /* InterfaceController.swift */,
				2159618B1B4BAF9B00A1AF0F /* ExtensionDelegate.swift */,
				2159619D1B4BB45C00A1AF0F /* RowController.swift */,
				2159618D1B4BAF9B00A1AF0F /* Assets.xcassets */,
				2159618F1B4BAF9B00A1AF0F /* Info.plist */,
			);
			path = "WKHapticSample WatchKit Extension";
			sourceTree = "<group>";
		};
/* End PBXGroup section */

/* Begin PBXNativeTarget section */
		215961621B4BAF9B00A1AF0F /* WKHapticSample */ = {
			isa = PBXNativeTarget;
			buildConfigurationList = 2159619A1B4BAF9B00A1AF0F /* Build configuration list for PBXNativeTarget "WKHapticSample" */;
			buildPhases = (
				2159615F1B4BAF9B00A1AF0F /* Sources */,
				215961601B4BAF9B00A1AF0F /* Frameworks */,
				215961611B4BAF9B00A1AF0F /* Resources */,
				215961991B4BAF9B00A1AF0F /* Embed Watch Content */,
			);
			buildRules = (
			);
			dependencies = (
				215961781B4BAF9B00A1AF0F /* PBXTargetDependency */,
			);
			name = WKHapticSample;
			productName = WKHapticSample;
			productReference = 215961631B4BAF9B00A1AF0F /* WKHapticSample.app */;
			productType = "com.apple.product-type.application";
		};
		215961741B4BAF9B00A1AF0F /* WKHapticSample WatchKit App */ = {
			isa = PBXNativeTarget;
			buildConfigurationList = 215961961B4BAF9B00A1AF0F /* Build configuration list for PBXNativeTarget "WKHapticSample WatchKit App" */;
			buildPhases = (
				215961731B4BAF9B00A1AF0F /* Resources */,
				215961951B4BAF9B00A1AF0F /* Embed App Extensions */,
			);
			buildRules = (
			);
			dependencies = (
				215961871B4BAF9B00A1AF0F /* PBXTargetDependency */,
			);
			name = "WKHapticSample WatchKit App";
			productName = "WKHapticSample WatchKit App";
			productReference = 215961751B4BAF9B00A1AF0F /* WKHapticSample WatchKit App.app */;
			productType = "com.apple.product-type.application.watchapp2";
		};
		215961831B4BAF9B00A1AF0F /* WKHapticSample WatchKit Extension */ = {
			isa = PBXNativeTarget;
			buildConfigurationList = 215961921B4BAF9B00A1AF0F /* Build configuration list for PBXNativeTarget "WKHapticSample WatchKit Extension" */;
			buildPhases = (
				215961801B4BAF9B00A1AF0F /* Sources */,
				215961811B4BAF9B00A1AF0F /* Frameworks */,
				215961821B4BAF9B00A1AF0F /* Resources */,
			);
			buildRules = (
			);
			dependencies = (
			);
			name = "WKHapticSample WatchKit Extension";
			productName = "WKHapticSample WatchKit Extension";
			productReference = 215961841B4BAF9B00A1AF0F /* WKHapticSample WatchKit Extension.appex */;
			productType = "com.apple.product-type.watchkit2-extension";
		};
/* End PBXNativeTarget section */

/* Begin PBXProject section */
		2159615B1B4BAF9B00A1AF0F /* Project object */ = {
			isa = PBXProject;
			attributes = {
				LastUpgradeCheck = 0700;
				ORGANIZATIONNAME = "Kosuke Ogawa";
				TargetAttributes = {
					215961621B4BAF9B00A1AF0F = {
						CreatedOnToolsVersion = 7.0;
					};
					215961741B4BAF9B00A1AF0F = {
						CreatedOnToolsVersion = 7.0;
					};
					215961831B4BAF9B00A1AF0F = {
						CreatedOnToolsVersion = 7.0;
					};
				};
			};
			buildConfigurationList = 2159615E1B4BAF9B00A1AF0F /* Build configuration list for PBXProject "WKHapticSample" */;
			compatibilityVersion = "Xcode 3.2";
			developmentRegion = English;
			hasScannedForEncodings = 0;
			knownRegions = (
				en,
				Base,
			);
			mainGroup = 2159615A1B4BAF9B00A1AF0F;
			productRefGroup = 215961641B4BAF9B00A1AF0F /* Products */;
			projectDirPath = "";
			projectRoot = "";
			targets = (
				215961621B4BAF9B00A1AF0F /* WKHapticSample */,
				215961741B4BAF9B00A1AF0F /* WKHapticSample WatchKit App */,
				215961831B4BAF9B00A1AF0F /* WKHapticSample WatchKit Extension */,
			);
		};
/* End PBXProject section */

/* Begin PBXResourcesBuildPhase section */
		215961611B4BAF9B00A1AF0F /* Resources */ = {
			isa = PBXResourcesBuildPhase;
			buildActionMask = 2147483647;
			files = (
				215961711B4BAF9B00A1AF0F /* LaunchScreen.storyboard in Resources */,
				2159616E1B4BAF9B00A1AF0F /* Assets.xcassets in Resources */,
				2159616C1B4BAF9B00A1AF0F /* Main.storyboard in Resources */,
			);
			runOnlyForDeploymentPostprocessing = 0;
		};
		215961731B4BAF9B00A1AF0F /* Resources */ = {
			isa = PBXResourcesBuildPhase;
			buildActionMask = 2147483647;
			files = (
				2159617E1B4BAF9B00A1AF0F /* Assets.xcassets in Resources */,
				2159617C1B4BAF9B00A1AF0F /* Interface.storyboard in Resources */,
			);
			runOnlyForDeploymentPostprocessing = 0;
		};
		215961821B4BAF9B00A1AF0F /* Resources */ = {
			isa = PBXResourcesBuildPhase;
			buildActionMask = 2147483647;
			files = (
				2159618E1B4BAF9B00A1AF0F /* Assets.xcassets in Resources */,
			);
			runOnlyForDeploymentPostprocessing = 0;
		};
/* End PBXResourcesBuildPhase section */

/* Begin PBXSourcesBuildPhase section */
		2159615F1B4BAF9B00A1AF0F /* Sources */ = {
			isa = PBXSourcesBuildPhase;
			buildActionMask = 2147483647;
			files = (
				215961691B4BAF9B00A1AF0F /* ViewController.swift in Sources */,
				215961671B4BAF9B00A1AF0F /* AppDelegate.swift in Sources */,
			);
			runOnlyForDeploymentPostprocessing = 0;
		};
		215961801B4BAF9B00A1AF0F /* Sources */ = {
			isa = PBXSourcesBuildPhase;
			buildActionMask = 2147483647;
			files = (
				2159619E1B4BB45C00A1AF0F /* RowController.swift in Sources */,
				2159618C1B4BAF9B00A1AF0F /* ExtensionDelegate.swift in Sources */,
				2159618A1B4BAF9B00A1AF0F /* InterfaceController.swift in Sources */,
			);
			runOnlyForDeploymentPostprocessing = 0;
		};
/* End PBXSourcesBuildPhase section */

/* Begin PBXTargetDependency section */
		215961781B4BAF9B00A1AF0F /* PBXTargetDependency */ = {
			isa = PBXTargetDependency;
			target = 215961741B4BAF9B00A1AF0F /* WKHapticSample WatchKit App */;
			targetProxy = 215961771B4BAF9B00A1AF0F /* PBXContainerItemProxy */;
		};
		215961871B4BAF9B00A1AF0F /* PBXTargetDependency */ = {
			isa = PBXTargetDependency;
			target = 215961831B4BAF9B00A1AF0F /* WKHapticSample WatchKit Extension */;
			targetProxy = 215961861B4BAF9B00A1AF0F /* PBXContainerItemProxy */;
		};
/* End PBXTargetDependency section */

/* Begin PBXVariantGroup section */
		2159616A1B4BAF9B00A1AF0F /* Main.storyboard */ = {
			isa = PBXVariantGroup;
			children = (
				2159616B1B4BAF9B00A1AF0F /* Base */,
			);
			name = Main.storyboard;
			sourceTree = "<group>";
		};
		2159616F1B4BAF9B00A1AF0F /* LaunchScreen.storyboard */ = {
			isa = PBXVariantGroup;
			children = (
				215961701B4BAF9B00A1AF0F /* Base */,
			);
			name = LaunchScreen.storyboard;
			sourceTree = "<group>";
		};
		2159617A1B4BAF9B00A1AF0F /* Interface.storyboard */ = {
			isa = PBXVariantGroup;
			children = (
				2159617B1B4BAF9B00A1AF0F /* Base */,
			);
			name = Interface.storyboard;
			sourceTree = "<group>";
		};
/* End PBXVariantGroup section */

/* Begin XCBuildConfiguration section */
		215961901B4BAF9B00A1AF0F /* Debug */ = {
			isa = XCBuildConfiguration;
			buildSettings = {
				ALWAYS_SEARCH_USER_PATHS = NO;
				CLANG_CXX_LANGUAGE_STANDARD = "gnu++0x";
				CLANG_CXX_LIBRARY = "libc++";
				CLANG_ENABLE_MODULES = YES;
				CLANG_ENABLE_OBJC_ARC = YES;
				CLANG_WARN_BOOL_CONVERSION = YES;
				CLANG_WARN_CONSTANT_CONVERSION = YES;
				CLANG_WARN_DIRECT_OBJC_ISA_USAGE = YES_ERROR;
				CLANG_WARN_EMPTY_BODY = YES;
				CLANG_WARN_ENUM_CONVERSION = YES;
				CLANG_WARN_INT_CONVERSION = YES;
				CLANG_WARN_OBJC_ROOT_CLASS = YES_ERROR;
				CLANG_WARN_UNREACHABLE_CODE = YES;
				CLANG_WARN__DUPLICATE_METHOD_MATCH = YES;
				"CODE_SIGN_IDENTITY[sdk=iphoneos*]" = "iPhone Developer";
				COPY_PHASE_STRIP = NO;
				DEBUG_INFORMATION_FORMAT = dwarf;
				ENABLE_STRICT_OBJC_MSGSEND = YES;
				ENABLE_TESTABILITY = YES;
				GCC_C_LANGUAGE_STANDARD = gnu99;
				GCC_DYNAMIC_NO_PIC = NO;
				GCC_NO_COMMON_BLOCKS = YES;
				GCC_OPTIMIZATION_LEVEL = 0;
				GCC_PREPROCESSOR_DEFINITIONS = (
					"DEBUG=1",
					"$(inherited)",
				);
				GCC_WARN_64_TO_32_BIT_CONVERSION = YES;
				GCC_WARN_ABOUT_RETURN_TYPE = YES_ERROR;
				GCC_WARN_UNDECLARED_SELECTOR = YES;
				GCC_WARN_UNINITIALIZED_AUTOS = YES_AGGRESSIVE;
				GCC_WARN_UNUSED_FUNCTION = YES;
				GCC_WARN_UNUSED_VARIABLE = YES;
				IPHONEOS_DEPLOYMENT_TARGET = 9.0;
				MTL_ENABLE_DEBUG_INFO = YES;
				ONLY_ACTIVE_ARCH = YES;
				SDKROOT = iphoneos;
				SWIFT_OPTIMIZATION_LEVEL = "-Onone";
			};
			name = Debug;
		};
		215961911B4BAF9B00A1AF0F /* Release */ = {
			isa = XCBuildConfiguration;
			buildSettings = {
				ALWAYS_SEARCH_USER_PATHS = NO;
				CLANG_CXX_LANGUAGE_STANDARD = "gnu++0x";
				CLANG_CXX_LIBRARY = "libc++";
				CLANG_ENABLE_MODULES = YES;
				CLANG_ENABLE_OBJC_ARC = YES;
				CLANG_WARN_BOOL_CONVERSION = YES;
				CLANG_WARN_CONSTANT_CONVERSION = YES;
				CLANG_WARN_DIRECT_OBJC_ISA_USAGE = YES_ERROR;
				CLANG_WARN_EMPTY_BODY = YES;
				CLANG_WARN_ENUM_CONVERSION = YES;
				CLANG_WARN_INT_CONVERSION = YES;
				CLANG_WARN_OBJC_ROOT_CLASS = YES_ERROR;
				CLANG_WARN_UNREACHABLE_CODE = YES;
				CLANG_WARN__DUPLICATE_METHOD_MATCH = YES;
				"CODE_SIGN_IDENTITY[sdk=iphoneos*]" = "iPhone Developer";
				COPY_PHASE_STRIP = NO;
				DEBUG_INFORMATION_FORMAT = "dwarf-with-dsym";
				ENABLE_NS_ASSERTIONS = NO;
				ENABLE_STRICT_OBJC_MSGSEND = YES;
				GCC_C_LANGUAGE_STANDARD = gnu99;
				GCC_NO_COMMON_BLOCKS = YES;
				GCC_WARN_64_TO_32_BIT_CONVERSION = YES;
				GCC_WARN_ABOUT_RETURN_TYPE = YES_ERROR;
				GCC_WARN_UNDECLARED_SELECTOR = YES;
				GCC_WARN_UNINITIALIZED_AUTOS = YES_AGGRESSIVE;
				GCC_WARN_UNUSED_FUNCTION = YES;
				GCC_WARN_UNUSED_VARIABLE = YES;
				IPHONEOS_DEPLOYMENT_TARGET = 9.0;
				MTL_ENABLE_DEBUG_INFO = NO;
				SDKROOT = iphoneos;
				VALIDATE_PRODUCT = YES;
			};
			name = Release;
		};
		215961931B4BAF9B00A1AF0F /* Debug */ = {
			isa = XCBuildConfiguration;
			buildSettings = {
				"CODE_SIGN_IDENTITY[sdk=watchos*]" = "iPhone Developer";
				INFOPLIST_FILE = "WKHapticSample WatchKit Extension/Info.plist";
				LD_RUNPATH_SEARCH_PATHS = "$(inherited) @executable_path/Frameworks @executable_path/../../Frameworks";
				PRODUCT_BUNDLE_IDENTIFIER = com.koogawa.WKHapticSample.watchkitapp.watchkitextension;
				PRODUCT_NAME = "${TARGET_NAME}";
				SDKROOT = watchos;
				SKIP_INSTALL = YES;
				TARGETED_DEVICE_FAMILY = 4;
				WATCHOS_DEPLOYMENT_TARGET = 2.0;
			};
			name = Debug;
		};
		215961941B4BAF9B00A1AF0F /* Release */ = {
			isa = XCBuildConfiguration;
			buildSettings = {
				"CODE_SIGN_IDENTITY[sdk=watchos*]" = "iPhone Developer";
				INFOPLIST_FILE = "WKHapticSample WatchKit Extension/Info.plist";
				LD_RUNPATH_SEARCH_PATHS = "$(inherited) @executable_path/Frameworks @executable_path/../../Frameworks";
				PRODUCT_BUNDLE_IDENTIFIER = com.koogawa.WKHapticSample.watchkitapp.watchkitextension;
				PRODUCT_NAME = "${TARGET_NAME}";
				SDKROOT = watchos;
				SKIP_INSTALL = YES;
				TARGETED_DEVICE_FAMILY = 4;
				WATCHOS_DEPLOYMENT_TARGET = 2.0;
			};
			name = Release;
		};
		215961971B4BAF9B00A1AF0F /* Debug */ = {
			isa = XCBuildConfiguration;
			buildSettings = {
				ASSETCATALOG_COMPILER_APPICON_NAME = AppIcon;
				"CODE_SIGN_IDENTITY[sdk=watchos*]" = "iPhone Developer";
				EMBEDDED_CONTENT_CONTAINS_SWIFT = YES;
				IBSC_MODULE = WKHapticSample_WatchKit_Extension;
				INFOPLIST_FILE = "WKHapticSample WatchKit App/Info.plist";
				PRODUCT_BUNDLE_IDENTIFIER = com.koogawa.WKHapticSample.watchkitapp;
				PRODUCT_NAME = "$(TARGET_NAME)";
				SDKROOT = watchos;
				SKIP_INSTALL = YES;
				TARGETED_DEVICE_FAMILY = 4;
				WATCHOS_DEPLOYMENT_TARGET = 2.0;
			};
			name = Debug;
		};
		215961981B4BAF9B00A1AF0F /* Release */ = {
			isa = XCBuildConfiguration;
			buildSettings = {
				ASSETCATALOG_COMPILER_APPICON_NAME = AppIcon;
				"CODE_SIGN_IDENTITY[sdk=watchos*]" = "iPhone Developer";
				EMBEDDED_CONTENT_CONTAINS_SWIFT = YES;
				IBSC_MODULE = WKHapticSample_WatchKit_Extension;
				INFOPLIST_FILE = "WKHapticSample WatchKit App/Info.plist";
				PRODUCT_BUNDLE_IDENTIFIER = com.koogawa.WKHapticSample.watchkitapp;
				PRODUCT_NAME = "$(TARGET_NAME)";
				SDKROOT = watchos;
				SKIP_INSTALL = YES;
				TARGETED_DEVICE_FAMILY = 4;
				WATCHOS_DEPLOYMENT_TARGET = 2.0;
			};
			name = Release;
		};
		2159619B1B4BAF9B00A1AF0F /* Debug */ = {
			isa = XCBuildConfiguration;
			buildSettings = {
				ASSETCATALOG_COMPILER_APPICON_NAME = AppIcon;
				INFOPLIST_FILE = WKHapticSample/Info.plist;
				LD_RUNPATH_SEARCH_PATHS = "$(inherited) @executable_path/Frameworks";
				PRODUCT_BUNDLE_IDENTIFIER = com.koogawa.WKHapticSample;
				PRODUCT_NAME = "$(TARGET_NAME)";
			};
			name = Debug;
		};
		2159619C1B4BAF9B00A1AF0F /* Release */ = {
			isa = XCBuildConfiguration;
			buildSettings = {
				ASSETCATALOG_COMPILER_APPICON_NAME = AppIcon;
				INFOPLIST_FILE = WKHapticSample/Info.plist;
				LD_RUNPATH_SEARCH_PATHS = "$(inherited) @executable_path/Frameworks";
				PRODUCT_BUNDLE_IDENTIFIER = com.koogawa.WKHapticSample;
				PRODUCT_NAME = "$(TARGET_NAME)";
			};
			name = Release;
		};
/* End XCBuildConfiguration section */

/* Begin XCConfigurationList section */
		2159615E1B4BAF9B00A1AF0F /* Build configuration list for PBXProject "WKHapticSample" */ = {
			isa = XCConfigurationList;
			buildConfigurations = (
				215961901B4BAF9B00A1AF0F /* Debug */,
				215961911B4BAF9B00A1AF0F /* Release */,
			);
			defaultConfigurationIsVisible = 0;
			defaultConfigurationName = Release;
		};
		215961921B4BAF9B00A1AF0F /* Build configuration list for PBXNativeTarget "WKHapticSample WatchKit Extension" */ = {
			isa = XCConfigurationList;
			buildConfigurations = (
				215961931B4BAF9B00A1AF0F /* Debug */,
				215961941B4BAF9B00A1AF0F /* Release */,
			);
			defaultConfigurationIsVisible = 0;
		};
		215961961B4BAF9B00A1AF0F /* Build configuration list for PBXNativeTarget "WKHapticSample WatchKit App" */ = {
			isa = XCConfigurationList;
			buildConfigurations = (
				215961971B4BAF9B00A1AF0F /* Debug */,
				215961981B4BAF9B00A1AF0F /* Release */,
			);
			defaultConfigurationIsVisible = 0;
		};
		2159619A1B4BAF9B00A1AF0F /* Build configuration list for PBXNativeTarget "WKHapticSample" */ = {
			isa = XCConfigurationList;
			buildConfigurations = (
				2159619B1B4BAF9B00A1AF0F /* Debug */,
				2159619C1B4BAF9B00A1AF0F /* Release */,
			);
			defaultConfigurationIsVisible = 0;
		};
/* End XCConfigurationList section */
	};
	rootObject = 2159615B1B4BAF9B00A1AF0F /* Project object */;
}
